
Microsoft Visual Studio Solution File, Format Version 12.00
# Visual Studio Version 17
VisualStudioVersion = 17.7.34221.43
MinimumVisualStudioVersion = 10.0.40219.1
Project("{FAE04EC0-301F-11D3-BF4B-00C04F79EFBC}") = "Backend", "Backend\Backend.csproj", "{12555B7A-D99B-40CE-B049-6FFC85CA7C70}"
EndProject
Global
	GlobalSection(SolutionConfigurationPlatforms) = preSolution
		Debug|Any CPU = Debug|Any CPU
		Release|Any CPU = Release|Any CPU
	EndGlobalSection
	GlobalSection(ProjectConfigurationPlatforms) = postSolution
		{12555B7A-D99B-40CE-B049-6FFC85CA7C70}.Debug|Any CPU.ActiveCfg = Debug|Any CPU
		{12555B7A-D99B-40CE-B049-6FFC85CA7C70}.Debug|Any CPU.Build.0 = Debug|Any CPU
		{12555B7A-D99B-40CE-B049-6FFC85CA7C70}.Release|Any CPU.ActiveCfg = Release|Any CPU
		{12555B7A-D99B-40CE-B049-6FFC85CA7C70}.Release|Any CPU.Build.0 = Release|Any CPU
	EndGlobalSection
	GlobalSection(SolutionProperties) = preSolution
		HideSolutionNode = FALSE
	EndGlobalSection
	GlobalSection(ExtensibilityGlobals) = postSolution
		SolutionGuid = {80CD125F-DD2B-4627-B073-B8F6C26A41A7}
	EndGlobalSection
EndGlobal
